
Microsoft Visual Studio Solution File, Format Version 12.00
# Visual Studio Version 17
VisualStudioVersion = 17.8.34525.116
MinimumVisualStudioVersion = 10.0.40219.1
Project("{FAE04EC0-301F-11D3-BF4B-00C04F79EFBC}") = "Module_8", "Module_8.csproj", "{71E5CFA4-8858-4B76-B9AE-DA355BA911DA}"
EndProject
Global
	GlobalSection(SolutionConfigurationPlatforms) = preSolution
		Debug|Any CPU = Debug|Any CPU
		Release|Any CPU = Release|Any CPU
	EndGlobalSection
	GlobalSection(ProjectConfigurationPlatforms) = postSolution
		{71E5CFA4-8858-4B76-B9AE-DA355BA911DA}.Debug|Any CPU.ActiveCfg = Debug|Any CPU
		{71E5CFA4-8858-4B76-B9AE-DA355BA911DA}.Debug|Any CPU.Build.0 = Debug|Any CPU
		{71E5CFA4-8858-4B76-B9AE-DA355BA911DA}.Release|Any CPU.ActiveCfg = Release|Any CPU
		{71E5CFA4-8858-4B76-B9AE-DA355BA911DA}.Release|Any CPU.Build.0 = Release|Any CPU
	EndGlobalSection
	GlobalSection(SolutionProperties) = preSolution
		HideSolutionNode = FALSE
	EndGlobalSection
	GlobalSection(ExtensibilityGlobals) = postSolution
		SolutionGuid = {1A4826B8-C8CE-4146-A7D8-A67B142A3387}
	EndGlobalSection
EndGlobal
